
Microsoft Visual Studio Solution File, Format Version 12.00
# Visual Studio Version 17
VisualStudioVersion = 17.9.34723.18
MinimumVisualStudioVersion = 10.0.40219.1
Project("{8BC9CEB8-8B4A-11D0-8D11-00A0C91BC942}") = "BlackJack", "BlackJack\BlackJack.vcxproj", "{4EAF5DB2-67AB-49D2-8D0A-2B83E769276C}"
EndProject
Project("{8BC9CEB8-8B4A-11D0-8D11-00A0C91BC942}") = "Test", "Test\Test.vcxproj", "{D80627CC-DE1A-459A-8113-2B4478BE2295}"
EndProject
Project("{8BC9CEB8-8B4A-11D0-8D11-00A0C91BC942}") = "Puzzle15", "Puzzle15\Puzzle15.vcxproj", "{C1B34813-420B-4964-8768-D757DD44ACE3}"
EndProject
Global
	GlobalSection(SolutionConfigurationPlatforms) = preSolution
		Debug|x64 = Debug|x64
		Debug|x86 = Debug|x86
		Release|x64 = Release|x64
		Release|x86 = Release|x86
	EndGlobalSection
	GlobalSection(ProjectConfigurationPlatforms) = postSolution
		{4EAF5DB2-67AB-49D2-8D0A-2B83E769276C}.Debug|x64.ActiveCfg = Debug|x64
		{4EAF5DB2-67AB-49D2-8D0A-2B83E769276C}.Debug|x64.Build.0 = Debug|x64
		{4EAF5DB2-67AB-49D2-8D0A-2B83E769276C}.Debug|x86.ActiveCfg = Debug|Win32
		{4EAF5DB2-67AB-49D2-8D0A-2B83E769276C}.Debug|x86.Build.0 = Debug|Win32
		{4EAF5DB2-67AB-49D2-8D0A-2B83E769276C}.Release|x64.ActiveCfg = Release|x64
		{4EAF5DB2-67AB-49D2-8D0A-2B83E769276C}.Release|x64.Build.0 = Release|x64
		{4EAF5DB2-67AB-49D2-8D0A-2B83E769276C}.Release|x86.ActiveCfg = Release|Win32
		{4EAF5DB2-67AB-49D2-8D0A-2B83E769276C}.Release|x86.Build.0 = Release|Win32
		{D80627CC-DE1A-459A-8113-2B4478BE2295}.Debug|x64.ActiveCfg = Debug|x64
		{D80627CC-DE1A-459A-8113-2B4478BE2295}.Debug|x64.Build.0 = Debug|x64
		{D80627CC-DE1A-459A-8113-2B4478BE2295}.Debug|x86.ActiveCfg = Debug|Win32
		{D80627CC-DE1A-459A-8113-2B4478BE2295}.Debug|x86.Build.0 = Debug|Win32
		{D80627CC-DE1A-459A-8113-2B4478BE2295}.Release|x64.ActiveCfg = Release|x64
		{D80627CC-DE1A-459A-8113-2B4478BE2295}.Release|x64.Build.0 = Release|x64
		{D80627CC-DE1A-459A-8113-2B4478BE2295}.Release|x86.ActiveCfg = Release|Win32
		{D80627CC-DE1A-459A-8113-2B4478BE2295}.Release|x86.Build.0 = Release|Win32
		{C1B34813-420B-4964-8768-D757DD44ACE3}.Debug|x64.ActiveCfg = Debug|x64
		{C1B34813-420B-4964-8768-D757DD44ACE3}.Debug|x64.Build.0 = Debug|x64
		{C1B34813-420B-4964-8768-D757DD44ACE3}.Debug|x86.ActiveCfg = Debug|Win32
		{C1B34813-420B-4964-8768-D757DD44ACE3}.Debug|x86.Build.0 = Debug|Win32
		{C1B34813-420B-4964-8768-D757DD44ACE3}.Release|x64.ActiveCfg = Release|x64
		{C1B34813-420B-4964-8768-D757DD44ACE3}.Release|x64.Build.0 = Release|x64
		{C1B34813-420B-4964-8768-D757DD44ACE3}.Release|x86.ActiveCfg = Release|Win32
		{C1B34813-420B-4964-8768-D757DD44ACE3}.Release|x86.Build.0 = Release|Win32
	EndGlobalSection
	GlobalSection(SolutionProperties) = preSolution
		HideSolutionNode = FALSE
	EndGlobalSection
	GlobalSection(ExtensibilityGlobals) = postSolution
		SolutionGuid = {229720DE-DB0B-40C3-9FA9-0B86A102A8B9}
	EndGlobalSection
EndGlobal
